
Microsoft Visual Studio Solution File, Format Version 12.00
# Visual Studio Version 16
VisualStudioVersion = 16.0.32407.337
MinimumVisualStudioVersion = 10.0.40219.1
Project("{FAE04EC0-301F-11D3-BF4B-00C04F79EFBC}") = "Additional Features Assignment", "Additional Features Assignment.csproj", "{095CC7F1-373E-4EAE-B1AE-411C8D5802BB}"
EndProject
Global
	GlobalSection(SolutionConfigurationPlatforms) = preSolution
		Debug|Any CPU = Debug|Any CPU
		Release|Any CPU = Release|Any CPU
	EndGlobalSection
	GlobalSection(ProjectConfigurationPlatforms) = postSolution
		{095CC7F1-373E-4EAE-B1AE-411C8D5802BB}.Debug|Any CPU.ActiveCfg = Debug|Any CPU
		{095CC7F1-373E-4EAE-B1AE-411C8D5802BB}.Debug|Any CPU.Build.0 = Debug|Any CPU
		{095CC7F1-373E-4EAE-B1AE-411C8D5802BB}.Release|Any CPU.ActiveCfg = Release|Any CPU
		{095CC7F1-373E-4EAE-B1AE-411C8D5802BB}.Release|Any CPU.Build.0 = Release|Any CPU
	EndGlobalSection
	GlobalSection(SolutionProperties) = preSolution
		HideSolutionNode = FALSE
	EndGlobalSection
	GlobalSection(ExtensibilityGlobals) = postSolution
		SolutionGuid = {E1574E9F-5E8D-46E1-9469-CBD0DCD71927}
	EndGlobalSection
EndGlobal
