
Microsoft Visual Studio Solution File, Format Version 12.00
# Visual Studio Version 16
VisualStudioVersion = 16.0.32407.337
MinimumVisualStudioVersion = 10.0.40219.1
Project("{FAE04EC0-301F-11D3-BF4B-00C04F79EFBC}") = "School of Yabba", "School of Yabba.csproj", "{5556DB3D-2157-4936-B82E-333A08BE0968}"
EndProject
Global
	GlobalSection(SolutionConfigurationPlatforms) = preSolution
		Debug|Any CPU = Debug|Any CPU
		Release|Any CPU = Release|Any CPU
	EndGlobalSection
	GlobalSection(ProjectConfigurationPlatforms) = postSolution
		{5556DB3D-2157-4936-B82E-333A08BE0968}.Debug|Any CPU.ActiveCfg = Debug|Any CPU
		{5556DB3D-2157-4936-B82E-333A08BE0968}.Debug|Any CPU.Build.0 = Debug|Any CPU
		{5556DB3D-2157-4936-B82E-333A08BE0968}.Release|Any CPU.ActiveCfg = Release|Any CPU
		{5556DB3D-2157-4936-B82E-333A08BE0968}.Release|Any CPU.Build.0 = Release|Any CPU
	EndGlobalSection
	GlobalSection(SolutionProperties) = preSolution
		HideSolutionNode = FALSE
	EndGlobalSection
	GlobalSection(ExtensibilityGlobals) = postSolution
		SolutionGuid = {FD1D9887-0A6F-47B6-9B88-C6A544F3981C}
	EndGlobalSection
EndGlobal
