
Microsoft Visual Studio Solution File, Format Version 12.00
# Visual Studio Version 16
VisualStudioVersion = 16.0.32407.337
MinimumVisualStudioVersion = 10.0.40219.1
Project("{FAE04EC0-301F-11D3-BF4B-00C04F79EFBC}") = "Exception Handling Assignment", "Exception Handling Assignment.csproj", "{C42294C2-953A-40A5-B1F9-2AC4AB31121E}"
EndProject
Global
	GlobalSection(SolutionConfigurationPlatforms) = preSolution
		Debug|Any CPU = Debug|Any CPU
		Release|Any CPU = Release|Any CPU
	EndGlobalSection
	GlobalSection(ProjectConfigurationPlatforms) = postSolution
		{C42294C2-953A-40A5-B1F9-2AC4AB31121E}.Debug|Any CPU.ActiveCfg = Debug|Any CPU
		{C42294C2-953A-40A5-B1F9-2AC4AB31121E}.Debug|Any CPU.Build.0 = Debug|Any CPU
		{C42294C2-953A-40A5-B1F9-2AC4AB31121E}.Release|Any CPU.ActiveCfg = Release|Any CPU
		{C42294C2-953A-40A5-B1F9-2AC4AB31121E}.Release|Any CPU.Build.0 = Release|Any CPU
	EndGlobalSection
	GlobalSection(SolutionProperties) = preSolution
		HideSolutionNode = FALSE
	EndGlobalSection
	GlobalSection(ExtensibilityGlobals) = postSolution
		SolutionGuid = {1B58C0FC-C6B3-44F1-9EDB-E52B6AEAC5DD}
	EndGlobalSection
EndGlobal
