
Microsoft Visual Studio Solution File, Format Version 12.00
# Visual Studio Version 16
VisualStudioVersion = 16.0.32407.337
MinimumVisualStudioVersion = 10.0.40219.1
Project("{FAE04EC0-301F-11D3-BF4B-00C04F79EFBC}") = "Loop Assignment Submission", "Loop Assignment Submission.csproj", "{B4698E01-9CBB-420F-B1F6-0354C9B69267}"
EndProject
Global
	GlobalSection(SolutionConfigurationPlatforms) = preSolution
		Debug|Any CPU = Debug|Any CPU
		Release|Any CPU = Release|Any CPU
	EndGlobalSection
	GlobalSection(ProjectConfigurationPlatforms) = postSolution
		{B4698E01-9CBB-420F-B1F6-0354C9B69267}.Debug|Any CPU.ActiveCfg = Debug|Any CPU
		{B4698E01-9CBB-420F-B1F6-0354C9B69267}.Debug|Any CPU.Build.0 = Debug|Any CPU
		{B4698E01-9CBB-420F-B1F6-0354C9B69267}.Release|Any CPU.ActiveCfg = Release|Any CPU
		{B4698E01-9CBB-420F-B1F6-0354C9B69267}.Release|Any CPU.Build.0 = Release|Any CPU
	EndGlobalSection
	GlobalSection(SolutionProperties) = preSolution
		HideSolutionNode = FALSE
	EndGlobalSection
	GlobalSection(ExtensibilityGlobals) = postSolution
		SolutionGuid = {A482B988-E33A-45DD-898A-F502E41A6AEC}
	EndGlobalSection
EndGlobal
