
Microsoft Visual Studio Solution File, Format Version 12.00
# Visual Studio Version 16
VisualStudioVersion = 16.0.32407.337
MinimumVisualStudioVersion = 10.0.40219.1
Project("{FAE04EC0-301F-11D3-BF4B-00C04F79EFBC}") = "WebApplication3", "WebApplication3.csproj", "{1ECFA75E-9AFF-4BF3-BF07-B293F78D32C9}"
EndProject
Global
	GlobalSection(SolutionConfigurationPlatforms) = preSolution
		Debug|Any CPU = Debug|Any CPU
		Release|Any CPU = Release|Any CPU
	EndGlobalSection
	GlobalSection(ProjectConfigurationPlatforms) = postSolution
		{1ECFA75E-9AFF-4BF3-BF07-B293F78D32C9}.Debug|Any CPU.ActiveCfg = Debug|Any CPU
		{1ECFA75E-9AFF-4BF3-BF07-B293F78D32C9}.Debug|Any CPU.Build.0 = Debug|Any CPU
		{1ECFA75E-9AFF-4BF3-BF07-B293F78D32C9}.Release|Any CPU.ActiveCfg = Release|Any CPU
		{1ECFA75E-9AFF-4BF3-BF07-B293F78D32C9}.Release|Any CPU.Build.0 = Release|Any CPU
	EndGlobalSection
	GlobalSection(SolutionProperties) = preSolution
		HideSolutionNode = FALSE
	EndGlobalSection
	GlobalSection(ExtensibilityGlobals) = postSolution
		SolutionGuid = {77429A20-504D-4599-8195-290FF8AA3AAA}
	EndGlobalSection
EndGlobal
