
Microsoft Visual Studio Solution File, Format Version 12.00
# Visual Studio Version 16
VisualStudioVersion = 16.0.32407.337
MinimumVisualStudioVersion = 10.0.40219.1
Project("{FAE04EC0-301F-11D3-BF4B-00C04F79EFBC}") = "Enum Assignment", "Enum Assignment.csproj", "{CC5AAA9C-8B78-495F-9778-EEDF25FF190D}"
EndProject
Global
	GlobalSection(SolutionConfigurationPlatforms) = preSolution
		Debug|Any CPU = Debug|Any CPU
		Release|Any CPU = Release|Any CPU
	EndGlobalSection
	GlobalSection(ProjectConfigurationPlatforms) = postSolution
		{CC5AAA9C-8B78-495F-9778-EEDF25FF190D}.Debug|Any CPU.ActiveCfg = Debug|Any CPU
		{CC5AAA9C-8B78-495F-9778-EEDF25FF190D}.Debug|Any CPU.Build.0 = Debug|Any CPU
		{CC5AAA9C-8B78-495F-9778-EEDF25FF190D}.Release|Any CPU.ActiveCfg = Release|Any CPU
		{CC5AAA9C-8B78-495F-9778-EEDF25FF190D}.Release|Any CPU.Build.0 = Release|Any CPU
	EndGlobalSection
	GlobalSection(SolutionProperties) = preSolution
		HideSolutionNode = FALSE
	EndGlobalSection
	GlobalSection(ExtensibilityGlobals) = postSolution
		SolutionGuid = {70EBD016-C0DA-4480-9BAD-B66FC2497A17}
	EndGlobalSection
EndGlobal
