
Microsoft Visual Studio Solution File, Format Version 12.00
# Visual Studio Version 16
VisualStudioVersion = 16.0.32407.337
MinimumVisualStudioVersion = 10.0.40219.1
Project("{FAE04EC0-301F-11D3-BF4B-00C04F79EFBC}") = "VariablesAndDataTypes", "VariablesAndDataTypes.csproj", "{9387EFF5-5149-453F-A264-1D15D67C4B90}"
EndProject
Global
	GlobalSection(SolutionConfigurationPlatforms) = preSolution
		Debug|Any CPU = Debug|Any CPU
		Release|Any CPU = Release|Any CPU
	EndGlobalSection
	GlobalSection(ProjectConfigurationPlatforms) = postSolution
		{9387EFF5-5149-453F-A264-1D15D67C4B90}.Debug|Any CPU.ActiveCfg = Debug|Any CPU
		{9387EFF5-5149-453F-A264-1D15D67C4B90}.Debug|Any CPU.Build.0 = Debug|Any CPU
		{9387EFF5-5149-453F-A264-1D15D67C4B90}.Release|Any CPU.ActiveCfg = Release|Any CPU
		{9387EFF5-5149-453F-A264-1D15D67C4B90}.Release|Any CPU.Build.0 = Release|Any CPU
	EndGlobalSection
	GlobalSection(SolutionProperties) = preSolution
		HideSolutionNode = FALSE
	EndGlobalSection
	GlobalSection(ExtensibilityGlobals) = postSolution
		SolutionGuid = {A85B1234-2FE1-4267-8E41-9507A5D6FD7D}
	EndGlobalSection
EndGlobal
