
Microsoft Visual Studio Solution File, Format Version 12.00
# Visual Studio Version 16
VisualStudioVersion = 16.0.32407.337
MinimumVisualStudioVersion = 10.0.40219.1
Project("{FAE04EC0-301F-11D3-BF4B-00C04F79EFBC}") = "Console App Assignment Submission", "Console App Assignment Submission.csproj", "{1D0F42B7-772F-4E0A-B8F2-569704E48408}"
EndProject
Global
	GlobalSection(SolutionConfigurationPlatforms) = preSolution
		Debug|Any CPU = Debug|Any CPU
		Release|Any CPU = Release|Any CPU
	EndGlobalSection
	GlobalSection(ProjectConfigurationPlatforms) = postSolution
		{1D0F42B7-772F-4E0A-B8F2-569704E48408}.Debug|Any CPU.ActiveCfg = Debug|Any CPU
		{1D0F42B7-772F-4E0A-B8F2-569704E48408}.Debug|Any CPU.Build.0 = Debug|Any CPU
		{1D0F42B7-772F-4E0A-B8F2-569704E48408}.Release|Any CPU.ActiveCfg = Release|Any CPU
		{1D0F42B7-772F-4E0A-B8F2-569704E48408}.Release|Any CPU.Build.0 = Release|Any CPU
	EndGlobalSection
	GlobalSection(SolutionProperties) = preSolution
		HideSolutionNode = FALSE
	EndGlobalSection
	GlobalSection(ExtensibilityGlobals) = postSolution
		SolutionGuid = {353D3E28-F815-456B-9162-507E84A0E2FC}
	EndGlobalSection
EndGlobal
