
Microsoft Visual Studio Solution File, Format Version 12.00
# Visual Studio Version 16
VisualStudioVersion = 16.0.32407.337
MinimumVisualStudioVersion = 10.0.40219.1
Project("{FAE04EC0-301F-11D3-BF4B-00C04F79EFBC}") = "Exception Assignment", "Exception Assignment.csproj", "{CE0ED3ED-B36A-4776-93DD-56BD5CEB20C2}"
EndProject
Global
	GlobalSection(SolutionConfigurationPlatforms) = preSolution
		Debug|Any CPU = Debug|Any CPU
		Release|Any CPU = Release|Any CPU
	EndGlobalSection
	GlobalSection(ProjectConfigurationPlatforms) = postSolution
		{CE0ED3ED-B36A-4776-93DD-56BD5CEB20C2}.Debug|Any CPU.ActiveCfg = Debug|Any CPU
		{CE0ED3ED-B36A-4776-93DD-56BD5CEB20C2}.Debug|Any CPU.Build.0 = Debug|Any CPU
		{CE0ED3ED-B36A-4776-93DD-56BD5CEB20C2}.Release|Any CPU.ActiveCfg = Release|Any CPU
		{CE0ED3ED-B36A-4776-93DD-56BD5CEB20C2}.Release|Any CPU.Build.0 = Release|Any CPU
	EndGlobalSection
	GlobalSection(SolutionProperties) = preSolution
		HideSolutionNode = FALSE
	EndGlobalSection
	GlobalSection(ExtensibilityGlobals) = postSolution
		SolutionGuid = {0487B1C9-E9A2-490D-8046-98A83CCF987B}
	EndGlobalSection
EndGlobal
