
Microsoft Visual Studio Solution File, Format Version 12.00
# Visual Studio Version 16
VisualStudioVersion = 16.0.32407.337
MinimumVisualStudioVersion = 10.0.40219.1
Project("{FAE04EC0-301F-11D3-BF4B-00C04F79EFBC}") = "BooleanLogic", "BooleanLogic.csproj", "{1C1AAF40-01CA-445B-AFAA-32417ABDC401}"
EndProject
Global
	GlobalSection(SolutionConfigurationPlatforms) = preSolution
		Debug|Any CPU = Debug|Any CPU
		Release|Any CPU = Release|Any CPU
	EndGlobalSection
	GlobalSection(ProjectConfigurationPlatforms) = postSolution
		{1C1AAF40-01CA-445B-AFAA-32417ABDC401}.Debug|Any CPU.ActiveCfg = Debug|Any CPU
		{1C1AAF40-01CA-445B-AFAA-32417ABDC401}.Debug|Any CPU.Build.0 = Debug|Any CPU
		{1C1AAF40-01CA-445B-AFAA-32417ABDC401}.Release|Any CPU.ActiveCfg = Release|Any CPU
		{1C1AAF40-01CA-445B-AFAA-32417ABDC401}.Release|Any CPU.Build.0 = Release|Any CPU
	EndGlobalSection
	GlobalSection(SolutionProperties) = preSolution
		HideSolutionNode = FALSE
	EndGlobalSection
	GlobalSection(ExtensibilityGlobals) = postSolution
		SolutionGuid = {ABE4ADE8-A8C9-45E2-B78E-50EFD4C3A26D}
	EndGlobalSection
EndGlobal
